
Microsoft Visual Studio Solution File, Format Version 12.00
# Visual Studio Version 17
VisualStudioVersion = 17.8.34322.80
MinimumVisualStudioVersion = 10.0.40219.1
Project("{9A19103F-16F7-4668-BE54-9A1E7A4F7556}") = "ConnectLive.Core.Api", "ConnectLive.Core\ConnectLive.Core.Api.csproj", "{DB2E929E-EF1E-40D2-BBC9-3C6D5FFEA3F2}"
EndProject
Project("{2150E333-8FDC-42A3-9474-1A3956D46DE8}") = "Services", "Services", "{3494CA89-30B3-4CFB-AED9-85AF851B7183}"
EndProject
Project("{2150E333-8FDC-42A3-9474-1A3956D46DE8}") = "BuildingBlocks", "BuildingBlocks", "{8BE98AD3-8069-4E20-916A-DAD2F7376000}"
EndProject
Project("{2150E333-8FDC-42A3-9474-1A3956D46DE8}") = "Frontend", "Frontend", "{EC80D1A2-B9FA-42A3-A68A-E5F7737924BA}"
EndProject
Project("{2150E333-8FDC-42A3-9474-1A3956D46DE8}") = "Orchestration", "Orchestration", "{727BD5FF-A23E-4825-8FE3-2E0202DE6612}"
EndProject
Project("{E53339B2-1760-4266-BCC7-CA923CBCF16C}") = "docker-compose", "docker-compose.dcproj", "{E3AE5DBB-CE4C-45CB-AB5D-DF9A347423D3}"
EndProject
Project("{9A19103F-16F7-4668-BE54-9A1E7A4F7556}") = "ConnectLive.Notification.Api", "ConnectLive.Notification.Api\ConnectLive.Notification.Api.csproj", "{35D38482-221D-43BD-840F-7AD026587C3B}"
EndProject
Project("{2150E333-8FDC-42A3-9474-1A3956D46DE8}") = "Infrastructure", "Infrastructure", "{FC1BBFC4-D126-4D6C-8D8A-106A33F7561A}"
EndProject
Project("{2150E333-8FDC-42A3-9474-1A3956D46DE8}") = "DataAccessLayer", "DataAccessLayer", "{0C4C9DE7-157A-49DB-B509-A2FA223D440E}"
EndProject
Project("{9A19103F-16F7-4668-BE54-9A1E7A4F7556}") = "ConnectLive.Domain", "ConnectLive.Domain\ConnectLive.Domain.csproj", "{2527387E-9350-4705-9409-A764E89C687D}"
EndProject
Project("{9A19103F-16F7-4668-BE54-9A1E7A4F7556}") = "ConntectLive.DAL", "ConntectLive.DAL\ConntectLive.DAL.csproj", "{4F94D7DD-AE24-4C3E-8903-826A4E3A5ADB}"
EndProject
Project("{9A19103F-16F7-4668-BE54-9A1E7A4F7556}") = "ConnectLive.Portal.Shared", "ConnectLive.Portal.Shared\ConnectLive.Portal.Shared.csproj", "{DBD8C037-EDDF-4C6A-90D2-B2BEC0E6B794}"
EndProject
Project("{9A19103F-16F7-4668-BE54-9A1E7A4F7556}") = "ConnectLive.Application", "ConnectLive.Application\ConnectLive.Application.csproj", "{DDA3F3D5-04AB-460C-91BE-8DBD73BB9239}"
EndProject
Project("{9A19103F-16F7-4668-BE54-9A1E7A4F7556}") = "Workers", "..\Workers\Workers.csproj", "{DEB4273C-CA95-4399-9FD2-B3CAB19C1006}"
EndProject
Project("{9A19103F-16F7-4668-BE54-9A1E7A4F7556}") = "ConnectLive.Newsletter.Api", "ConnectLive.Newsletter.Api\ConnectLive.Newsletter.Api.csproj", "{58F0F4A9-37EE-4831-8837-60388DB392DC}"
EndProject
Project("{2150E333-8FDC-42A3-9474-1A3956D46DE8}") = "Communication", "Communication", "{1A1EACF4-1F46-447B-9663-1B9956D46D2D}"
EndProject
Project("{9A19103F-16F7-4668-BE54-9A1E7A4F7556}") = "Connectlive.Proxy", "..\Connectlive.Proxy\Connectlive.Proxy.csproj", "{3FFCE4FD-0C65-4A89-9FC8-B2F347EB6A8E}"
EndProject
Project("{9A19103F-16F7-4668-BE54-9A1E7A4F7556}") = "Connectlive.WebHosting", "..\Connectlive.WebHosting\Connectlive.WebHosting.csproj", "{EF50A990-9F33-4AAE-B806-718CD7557DC8}"
EndProject
Project("{9A19103F-16F7-4668-BE54-9A1E7A4F7556}") = "ConnectLive.SPA", "..\ConnectLive.SPA\ConnectLive.SPA.csproj", "{41969DEB-51C1-4534-B719-2504D1BB7050}"
EndProject
Project("{FAE04EC0-301F-11D3-BF4B-00C04F79EFBC}") = "ConnectLive.SPA.Infrastructure", "..\ConnectLive.SPA.Infrastructure\ConnectLive.SPA.Infrastructure.csproj", "{FBCFFBA7-7D63-4A8C-ABBD-E1CC82AC9D68}"
EndProject
Global
	GlobalSection(SolutionConfigurationPlatforms) = preSolution
		Debug|Any CPU = Debug|Any CPU
		QA|Any CPU = QA|Any CPU
		Release|Any CPU = Release|Any CPU
	EndGlobalSection
	GlobalSection(ProjectConfigurationPlatforms) = postSolution
		{DB2E929E-EF1E-40D2-BBC9-3C6D5FFEA3F2}.Debug|Any CPU.ActiveCfg = Debug|Any CPU
		{DB2E929E-EF1E-40D2-BBC9-3C6D5FFEA3F2}.Debug|Any CPU.Build.0 = Debug|Any CPU
		{DB2E929E-EF1E-40D2-BBC9-3C6D5FFEA3F2}.QA|Any CPU.ActiveCfg = QA|Any CPU
		{DB2E929E-EF1E-40D2-BBC9-3C6D5FFEA3F2}.QA|Any CPU.Build.0 = QA|Any CPU
		{DB2E929E-EF1E-40D2-BBC9-3C6D5FFEA3F2}.Release|Any CPU.ActiveCfg = Release|Any CPU
		{DB2E929E-EF1E-40D2-BBC9-3C6D5FFEA3F2}.Release|Any CPU.Build.0 = Release|Any CPU
		{E3AE5DBB-CE4C-45CB-AB5D-DF9A347423D3}.Debug|Any CPU.ActiveCfg = Debug|Any CPU
		{E3AE5DBB-CE4C-45CB-AB5D-DF9A347423D3}.Debug|Any CPU.Build.0 = Debug|Any CPU
		{E3AE5DBB-CE4C-45CB-AB5D-DF9A347423D3}.QA|Any CPU.ActiveCfg = Release|Any CPU
		{E3AE5DBB-CE4C-45CB-AB5D-DF9A347423D3}.QA|Any CPU.Build.0 = Release|Any CPU
		{E3AE5DBB-CE4C-45CB-AB5D-DF9A347423D3}.Release|Any CPU.ActiveCfg = Release|Any CPU
		{E3AE5DBB-CE4C-45CB-AB5D-DF9A347423D3}.Release|Any CPU.Build.0 = Release|Any CPU
		{35D38482-221D-43BD-840F-7AD026587C3B}.Debug|Any CPU.ActiveCfg = Debug|Any CPU
		{35D38482-221D-43BD-840F-7AD026587C3B}.Debug|Any CPU.Build.0 = Debug|Any CPU
		{35D38482-221D-43BD-840F-7AD026587C3B}.QA|Any CPU.ActiveCfg = Release|Any CPU
		{35D38482-221D-43BD-840F-7AD026587C3B}.QA|Any CPU.Build.0 = Release|Any CPU
		{35D38482-221D-43BD-840F-7AD026587C3B}.Release|Any CPU.ActiveCfg = Release|Any CPU
		{35D38482-221D-43BD-840F-7AD026587C3B}.Release|Any CPU.Build.0 = Release|Any CPU
		{2527387E-9350-4705-9409-A764E89C687D}.Debug|Any CPU.ActiveCfg = Debug|Any CPU
		{2527387E-9350-4705-9409-A764E89C687D}.Debug|Any CPU.Build.0 = Debug|Any CPU
		{2527387E-9350-4705-9409-A764E89C687D}.QA|Any CPU.ActiveCfg = Release|Any CPU
		{2527387E-9350-4705-9409-A764E89C687D}.QA|Any CPU.Build.0 = Release|Any CPU
		{2527387E-9350-4705-9409-A764E89C687D}.Release|Any CPU.ActiveCfg = Release|Any CPU
		{2527387E-9350-4705-9409-A764E89C687D}.Release|Any CPU.Build.0 = Release|Any CPU
		{4F94D7DD-AE24-4C3E-8903-826A4E3A5ADB}.Debug|Any CPU.ActiveCfg = Debug|Any CPU
		{4F94D7DD-AE24-4C3E-8903-826A4E3A5ADB}.Debug|Any CPU.Build.0 = Debug|Any CPU
		{4F94D7DD-AE24-4C3E-8903-826A4E3A5ADB}.QA|Any CPU.ActiveCfg = Release|Any CPU
		{4F94D7DD-AE24-4C3E-8903-826A4E3A5ADB}.QA|Any CPU.Build.0 = Release|Any CPU
		{4F94D7DD-AE24-4C3E-8903-826A4E3A5ADB}.Release|Any CPU.ActiveCfg = Release|Any CPU
		{4F94D7DD-AE24-4C3E-8903-826A4E3A5ADB}.Release|Any CPU.Build.0 = Release|Any CPU
		{DBD8C037-EDDF-4C6A-90D2-B2BEC0E6B794}.Debug|Any CPU.ActiveCfg = Debug|Any CPU
		{DBD8C037-EDDF-4C6A-90D2-B2BEC0E6B794}.Debug|Any CPU.Build.0 = Debug|Any CPU
		{DBD8C037-EDDF-4C6A-90D2-B2BEC0E6B794}.QA|Any CPU.ActiveCfg = Release|Any CPU
		{DBD8C037-EDDF-4C6A-90D2-B2BEC0E6B794}.QA|Any CPU.Build.0 = Release|Any CPU
		{DBD8C037-EDDF-4C6A-90D2-B2BEC0E6B794}.Release|Any CPU.ActiveCfg = Release|Any CPU
		{DBD8C037-EDDF-4C6A-90D2-B2BEC0E6B794}.Release|Any CPU.Build.0 = Release|Any CPU
		{DDA3F3D5-04AB-460C-91BE-8DBD73BB9239}.Debug|Any CPU.ActiveCfg = Debug|Any CPU
		{DDA3F3D5-04AB-460C-91BE-8DBD73BB9239}.Debug|Any CPU.Build.0 = Debug|Any CPU
		{DDA3F3D5-04AB-460C-91BE-8DBD73BB9239}.QA|Any CPU.ActiveCfg = Release|Any CPU
		{DDA3F3D5-04AB-460C-91BE-8DBD73BB9239}.QA|Any CPU.Build.0 = Release|Any CPU
		{DDA3F3D5-04AB-460C-91BE-8DBD73BB9239}.Release|Any CPU.ActiveCfg = Release|Any CPU
		{DDA3F3D5-04AB-460C-91BE-8DBD73BB9239}.Release|Any CPU.Build.0 = Release|Any CPU
		{DEB4273C-CA95-4399-9FD2-B3CAB19C1006}.Debug|Any CPU.ActiveCfg = Debug|Any CPU
		{DEB4273C-CA95-4399-9FD2-B3CAB19C1006}.Debug|Any CPU.Build.0 = Debug|Any CPU
		{DEB4273C-CA95-4399-9FD2-B3CAB19C1006}.QA|Any CPU.ActiveCfg = Release|Any CPU
		{DEB4273C-CA95-4399-9FD2-B3CAB19C1006}.QA|Any CPU.Build.0 = Release|Any CPU
		{DEB4273C-CA95-4399-9FD2-B3CAB19C1006}.Release|Any CPU.ActiveCfg = Release|Any CPU
		{DEB4273C-CA95-4399-9FD2-B3CAB19C1006}.Release|Any CPU.Build.0 = Release|Any CPU
		{58F0F4A9-37EE-4831-8837-60388DB392DC}.Debug|Any CPU.ActiveCfg = Debug|Any CPU
		{58F0F4A9-37EE-4831-8837-60388DB392DC}.Debug|Any CPU.Build.0 = Debug|Any CPU
		{58F0F4A9-37EE-4831-8837-60388DB392DC}.QA|Any CPU.ActiveCfg = Release|Any CPU
		{58F0F4A9-37EE-4831-8837-60388DB392DC}.QA|Any CPU.Build.0 = Release|Any CPU
		{58F0F4A9-37EE-4831-8837-60388DB392DC}.Release|Any CPU.ActiveCfg = Release|Any CPU
		{58F0F4A9-37EE-4831-8837-60388DB392DC}.Release|Any CPU.Build.0 = Release|Any CPU
		{3FFCE4FD-0C65-4A89-9FC8-B2F347EB6A8E}.Debug|Any CPU.ActiveCfg = Debug|Any CPU
		{3FFCE4FD-0C65-4A89-9FC8-B2F347EB6A8E}.Debug|Any CPU.Build.0 = Debug|Any CPU
		{3FFCE4FD-0C65-4A89-9FC8-B2F347EB6A8E}.QA|Any CPU.ActiveCfg = Release|Any CPU
		{3FFCE4FD-0C65-4A89-9FC8-B2F347EB6A8E}.QA|Any CPU.Build.0 = Release|Any CPU
		{3FFCE4FD-0C65-4A89-9FC8-B2F347EB6A8E}.Release|Any CPU.ActiveCfg = Release|Any CPU
		{3FFCE4FD-0C65-4A89-9FC8-B2F347EB6A8E}.Release|Any CPU.Build.0 = Release|Any CPU
		{EF50A990-9F33-4AAE-B806-718CD7557DC8}.Debug|Any CPU.ActiveCfg = Debug|Any CPU
		{EF50A990-9F33-4AAE-B806-718CD7557DC8}.Debug|Any CPU.Build.0 = Debug|Any CPU
		{EF50A990-9F33-4AAE-B806-718CD7557DC8}.QA|Any CPU.ActiveCfg = Debug|Any CPU
		{EF50A990-9F33-4AAE-B806-718CD7557DC8}.QA|Any CPU.Build.0 = Debug|Any CPU
		{EF50A990-9F33-4AAE-B806-718CD7557DC8}.Release|Any CPU.ActiveCfg = Release|Any CPU
		{EF50A990-9F33-4AAE-B806-718CD7557DC8}.Release|Any CPU.Build.0 = Release|Any CPU
		{41969DEB-51C1-4534-B719-2504D1BB7050}.Debug|Any CPU.ActiveCfg = Debug|Any CPU
		{41969DEB-51C1-4534-B719-2504D1BB7050}.Debug|Any CPU.Build.0 = Debug|Any CPU
		{41969DEB-51C1-4534-B719-2504D1BB7050}.QA|Any CPU.ActiveCfg = Debug|Any CPU
		{41969DEB-51C1-4534-B719-2504D1BB7050}.QA|Any CPU.Build.0 = Debug|Any CPU
		{41969DEB-51C1-4534-B719-2504D1BB7050}.Release|Any CPU.ActiveCfg = Release|Any CPU
		{41969DEB-51C1-4534-B719-2504D1BB7050}.Release|Any CPU.Build.0 = Release|Any CPU
		{FBCFFBA7-7D63-4A8C-ABBD-E1CC82AC9D68}.Debug|Any CPU.ActiveCfg = Debug|Any CPU
		{FBCFFBA7-7D63-4A8C-ABBD-E1CC82AC9D68}.Debug|Any CPU.Build.0 = Debug|Any CPU
		{FBCFFBA7-7D63-4A8C-ABBD-E1CC82AC9D68}.QA|Any CPU.ActiveCfg = Debug|Any CPU
		{FBCFFBA7-7D63-4A8C-ABBD-E1CC82AC9D68}.QA|Any CPU.Build.0 = Debug|Any CPU
		{FBCFFBA7-7D63-4A8C-ABBD-E1CC82AC9D68}.Release|Any CPU.ActiveCfg = Release|Any CPU
		{FBCFFBA7-7D63-4A8C-ABBD-E1CC82AC9D68}.Release|Any CPU.Build.0 = Release|Any CPU
	EndGlobalSection
	GlobalSection(SolutionProperties) = preSolution
		HideSolutionNode = FALSE
	EndGlobalSection
	GlobalSection(NestedProjects) = preSolution
		{DB2E929E-EF1E-40D2-BBC9-3C6D5FFEA3F2} = {3494CA89-30B3-4CFB-AED9-85AF851B7183}
		{E3AE5DBB-CE4C-45CB-AB5D-DF9A347423D3} = {727BD5FF-A23E-4825-8FE3-2E0202DE6612}
		{35D38482-221D-43BD-840F-7AD026587C3B} = {3494CA89-30B3-4CFB-AED9-85AF851B7183}
		{FC1BBFC4-D126-4D6C-8D8A-106A33F7561A} = {8BE98AD3-8069-4E20-916A-DAD2F7376000}
		{0C4C9DE7-157A-49DB-B509-A2FA223D440E} = {8BE98AD3-8069-4E20-916A-DAD2F7376000}
		{2527387E-9350-4705-9409-A764E89C687D} = {FC1BBFC4-D126-4D6C-8D8A-106A33F7561A}
		{4F94D7DD-AE24-4C3E-8903-826A4E3A5ADB} = {0C4C9DE7-157A-49DB-B509-A2FA223D440E}
		{DBD8C037-EDDF-4C6A-90D2-B2BEC0E6B794} = {FC1BBFC4-D126-4D6C-8D8A-106A33F7561A}
		{DDA3F3D5-04AB-460C-91BE-8DBD73BB9239} = {FC1BBFC4-D126-4D6C-8D8A-106A33F7561A}
		{DEB4273C-CA95-4399-9FD2-B3CAB19C1006} = {FC1BBFC4-D126-4D6C-8D8A-106A33F7561A}
		{58F0F4A9-37EE-4831-8837-60388DB392DC} = {3494CA89-30B3-4CFB-AED9-85AF851B7183}
		{1A1EACF4-1F46-447B-9663-1B9956D46D2D} = {8BE98AD3-8069-4E20-916A-DAD2F7376000}
		{3FFCE4FD-0C65-4A89-9FC8-B2F347EB6A8E} = {1A1EACF4-1F46-447B-9663-1B9956D46D2D}
		{EF50A990-9F33-4AAE-B806-718CD7557DC8} = {FC1BBFC4-D126-4D6C-8D8A-106A33F7561A}
		{41969DEB-51C1-4534-B719-2504D1BB7050} = {EC80D1A2-B9FA-42A3-A68A-E5F7737924BA}
		{FBCFFBA7-7D63-4A8C-ABBD-E1CC82AC9D68} = {EC80D1A2-B9FA-42A3-A68A-E5F7737924BA}
	EndGlobalSection
	GlobalSection(ExtensibilityGlobals) = postSolution
		SolutionGuid = {F7D8517D-264B-49FD-8814-D54B831C5AA4}
	EndGlobalSection
EndGlobal
